
Microsoft Visual Studio Solution File, Format Version 12.00
# Visual Studio Version 17
VisualStudioVersion = 17.4.33213.308
MinimumVisualStudioVersion = 10.0.40219.1
Project("{9A19103F-16F7-4668-BE54-9A1E7A4F7556}") = "Petrol_Station", "Petrol_Station\Petrol_Station.csproj", "{81199B62-D670-4A51-AD66-6165C9E5BF79}"
EndProject
Project("{FAE04EC0-301F-11D3-BF4B-00C04F79EFBC}") = "Petrol_Station_Libary", "Petrol_Station_Libary\Petrol_Station_Libary.csproj", "{EAC6078F-76C6-458D-BBBC-2CE1518CAB9A}"
EndProject
Global
	GlobalSection(SolutionConfigurationPlatforms) = preSolution
		Debug|Any CPU = Debug|Any CPU
		Release|Any CPU = Release|Any CPU
	EndGlobalSection
	GlobalSection(ProjectConfigurationPlatforms) = postSolution
		{81199B62-D670-4A51-AD66-6165C9E5BF79}.Debug|Any CPU.ActiveCfg = Debug|Any CPU
		{81199B62-D670-4A51-AD66-6165C9E5BF79}.Debug|Any CPU.Build.0 = Debug|Any CPU
		{81199B62-D670-4A51-AD66-6165C9E5BF79}.Release|Any CPU.ActiveCfg = Release|Any CPU
		{81199B62-D670-4A51-AD66-6165C9E5BF79}.Release|Any CPU.Build.0 = Release|Any CPU
		{EAC6078F-76C6-458D-BBBC-2CE1518CAB9A}.Debug|Any CPU.ActiveCfg = Debug|Any CPU
		{EAC6078F-76C6-458D-BBBC-2CE1518CAB9A}.Debug|Any CPU.Build.0 = Debug|Any CPU
		{EAC6078F-76C6-458D-BBBC-2CE1518CAB9A}.Release|Any CPU.ActiveCfg = Release|Any CPU
		{EAC6078F-76C6-458D-BBBC-2CE1518CAB9A}.Release|Any CPU.Build.0 = Release|Any CPU
	EndGlobalSection
	GlobalSection(SolutionProperties) = preSolution
		HideSolutionNode = FALSE
	EndGlobalSection
	GlobalSection(ExtensibilityGlobals) = postSolution
		SolutionGuid = {3A683270-5E4C-484B-BC12-20FBA3F53551}
	EndGlobalSection
EndGlobal
